
Microsoft Visual Studio Solution File, Format Version 11.00
# Visual Studio 2010
Project("{FAE04EC0-301F-11D3-BF4B-00C04F79EFBC}") = "Assembly-CSharp", "Assembly-CSharp.csproj", "{21c4b804-fb1e-2bb1-3759-587cdb323f45}"
EndProject
Project("{FAE04EC0-301F-11D3-BF4B-00C04F79EFBC}") = "SimpleInput.Runtime", "SimpleInput.Runtime.csproj", "{32942012-b372-cb70-f546-d04577e958ed}"
EndProject
Project("{FAE04EC0-301F-11D3-BF4B-00C04F79EFBC}") = "SimpleInput.Editor", "SimpleInput.Editor.csproj", "{ebdf6074-8dc2-95fe-2897-ea7875d03aa5}"
EndProject
Global
	GlobalSection(SolutionConfigurationPlatforms) = preSolution
		Debug|Any CPU = Debug|Any CPU
	EndGlobalSection
	GlobalSection(ProjectConfigurationPlatforms) = postSolution
		{21c4b804-fb1e-2bb1-3759-587cdb323f45}.Debug|Any CPU.ActiveCfg = Debug|Any CPU
		{21c4b804-fb1e-2bb1-3759-587cdb323f45}.Debug|Any CPU.Build.0 = Debug|Any CPU
		{32942012-b372-cb70-f546-d04577e958ed}.Debug|Any CPU.ActiveCfg = Debug|Any CPU
		{32942012-b372-cb70-f546-d04577e958ed}.Debug|Any CPU.Build.0 = Debug|Any CPU
		{ebdf6074-8dc2-95fe-2897-ea7875d03aa5}.Debug|Any CPU.ActiveCfg = Debug|Any CPU
		{ebdf6074-8dc2-95fe-2897-ea7875d03aa5}.Debug|Any CPU.Build.0 = Debug|Any CPU
	EndGlobalSection
	GlobalSection(SolutionProperties) = preSolution
		HideSolutionNode = FALSE
	EndGlobalSection
EndGlobal
